// !$*UTF8*$!
{
	archiveVersion = 1;
	classes = {
	};
	objectVersion = 46;
	objects = {

/* Begin PBXBuildFile section */
		C8822B361C2FCC7000B00049 /* main.m in Sources */ = {isa = PBXBuildFile; fileRef = C8822B351C2FCC7000B00049 /* main.m */; };
		C8822B391C2FCC7000B00049 /* AppDelegate.m in Sources */ = {isa = PBXBuildFile; fileRef = C8822B381C2FCC7000B00049 /* AppDelegate.m */; };
		C8822B3C1C2FCC7000B00049 /* ViewController.m in Sources */ = {isa = PBXBuildFile; fileRef = C8822B3B1C2FCC7000B00049 /* ViewController.m */; };
		C8822B3F1C2FCC7000B00049 /* Main.storyboard in Resources */ = {isa = PBXBuildFile; fileRef = C8822B3D1C2FCC7000B00049 /* Main.storyboard */; };
		C8822B411C2FCC7000B00049 /* Assets.xcassets in Resources */ = {isa = PBXBuildFile; fileRef = C8822B401C2FCC7000B00049 /* Assets.xcassets */; };
		C8822B441C2FCC7000B00049 /* LaunchScreen.storyboard in Resources */ = {isa = PBXBuildFile; fileRef = C8822B421C2FCC7000B00049 /* LaunchScreen.storyboard */; };
		C8822B4F1C2FCC7000B00049 /* ElemetdemoUITests.m in Sources */ = {isa = PBXBuildFile; fileRef = C8822B4E1C2FCC7000B00049 /* ElemetdemoUITests.m */; };
/* End PBXBuildFile section */

/* Begin PBXContainerItemProxy section */
		C8822B4B1C2FCC7000B00049 /* PBXContainerItemProxy */ = {
			isa = PBXContainerItemProxy;
			containerPortal = C8822B291C2FCC7000B00049 /* Project object */;
			proxyType = 1;
			remoteGlobalIDString = C8822B301C2FCC7000B00049;
			remoteInfo = Elemetdemo;
		};
/* End PBXContainerItemProxy section */

/* Begin PBXFileReference section */
		C8822B311C2FCC7000B00049 /* Elemetdemo.app */ = {isa = PBXFileReference; explicitFileType = wrapper.application; includeInIndex = 0; path = Elemetdemo.app; sourceTree = BUILT_PRODUCTS_DIR; };
		C8822B351C2FCC7000B00049 /* main.m */ = {isa = PBXFileReference; lastKnownFileType = sourcecode.c.objc; path = main.m; sourceTree = "<group>"; };
		C8822B371C2FCC7000B00049 /* AppDelegate.h */ = {isa = PBXFileReference; lastKnownFileType = sourcecode.c.h; path = AppDelegate.h; sourceTree = "<group>"; };
		C8822B381C2FCC7000B00049 /* AppDelegate.m */ = {isa = PBXFileReference; lastKnownFileType = sourcecode.c.objc; path = AppDelegate.m; sourceTree = "<group>"; };
		C8822B3A1C2FCC7000B00049 /* ViewController.h */ = {isa = PBXFileReference; lastKnownFileType = sourcecode.c.h; path = ViewController.h; sourceTree = "<group>"; };
		C8822B3B1C2FCC7000B00049 /* ViewController.m */ = {isa = PBXFileReference; lastKnownFileType = sourcecode.c.objc; path = ViewController.m; sourceTree = "<group>"; };
		C8822B3E1C2FCC7000B00049 /* Base */ = {isa = PBXFileReference; lastKnownFileType = file.storyboard; name = Base; path = Base.lproj/Main.storyboard; sourceTree = "<group>"; };
		C8822B401C2FCC7000B00049 /* Assets.xcassets */ = {isa = PBXFileReference; lastKnownFileType = folder.assetcatalog; path = Assets.xcassets; sourceTree = "<group>"; };
		C8822B431C2FCC7000B00049 /* Base */ = {isa = PBXFileReference; lastKnownFileType = file.storyboard; name = Base; path = Base.lproj/LaunchScreen.storyboard; sourceTree = "<group>"; };
		C8822B451C2FCC7000B00049 /* Info.plist */ = {isa = PBXFileReference; lastKnownFileType = text.plist.xml; path = Info.plist; sourceTree = "<group>"; };
		C8822B4A1C2FCC7000B00049 /* ElemetdemoUITests.xctest */ = {isa = PBXFileReference; explicitFileType = wrapper.cfbundle; includeInIndex = 0; path = ElemetdemoUITests.xctest; sourceTree = BUILT_PRODUCTS_DIR; };
		C8822B4E1C2FCC7000B00049 /* ElemetdemoUITests.m */ = {isa = PBXFileReference; lastKnownFileType = sourcecode.c.objc; path = ElemetdemoUITests.m; sourceTree = "<group>"; };
		C8822B501C2FCC7000B00049 /* Info.plist */ = {isa = PBXFileReference; lastKnownFileType = text.plist.xml; path = Info.plist; sourceTree = "<group>"; };
/* End PBXFileReference section */

/* Begin PBXFrameworksBuildPhase section */
		C8822B2E1C2FCC7000B00049 /* Frameworks */ = {
			isa = PBXFrameworksBuildPhase;
			buildActionMask = 2147483647;
			files = (
			);
			runOnlyForDeploymentPostprocessing = 0;
		};
		C8822B471C2FCC7000B00049 /* Frameworks */ = {
			isa = PBXFrameworksBuildPhase;
			buildActionMask = 2147483647;
			files = (
			);
			runOnlyForDeploymentPostprocessing = 0;
		};
/* End PBXFrameworksBuildPhase section */

/* Begin PBXGroup section */
		C8822B281C2FCC7000B00049 = {
			isa = PBXGroup;
			children = (
				C8822B331C2FCC7000B00049 /* Elemetdemo */,
				C8822B4D1C2FCC7000B00049 /* ElemetdemoUITests */,
				C8822B321C2FCC7000B00049 /* Products */,
			);
			sourceTree = "<group>";
		};
		C8822B321C2FCC7000B00049 /* Products */ = {
			isa = PBXGroup;
			children = (
				C8822B311C2FCC7000B00049 /* Elemetdemo.app */,
				C8822B4A1C2FCC7000B00049 /* ElemetdemoUITests.xctest */,
			);
			name = Products;
			sourceTree = "<group>";
		};
		C8822B331C2FCC7000B00049 /* Elemetdemo */ = {
			isa = PBXGroup;
			children = (
				C8822B371C2FCC7000B00049 /* AppDelegate.h */,
				C8822B381C2FCC7000B00049 /* AppDelegate.m */,
				C8822B3A1C2FCC7000B00049 /* ViewController.h */,
				C8822B3B1C2FCC7000B00049 /* ViewController.m */,
				C8822B3D1C2FCC7000B00049 /* Main.storyboard */,
				C8822B401C2FCC7000B00049 /* Assets.xcassets */,
				C8822B421C2FCC7000B00049 /* LaunchScreen.storyboard */,
				C8822B451C2FCC7000B00049 /* Info.plist */,
				C8822B341C2FCC7000B00049 /* Supporting Files */,
			);
			path = Elemetdemo;
			sourceTree = "<group>";
		};
		C8822B341C2FCC7000B00049 /* Supporting Files */ = {
			isa = PBXGroup;
			children = (
				C8822B351C2FCC7000B00049 /* main.m */,
			);
			name = "Supporting Files";
			sourceTree = "<group>";
		};
		C8822B4D1C2FCC7000B00049 /* ElemetdemoUITests */ = {
			isa = PBXGroup;
			children = (
				C8822B4E1C2FCC7000B00049 /* ElemetdemoUITests.m */,
				C8822B501C2FCC7000B00049 /* Info.plist */,
			);
			path = ElemetdemoUITests;
			sourceTree = "<group>";
		};
/* End PBXGroup section */

/* Begin PBXNativeTarget section */
		C8822B301C2FCC7000B00049 /* Elemetdemo */ = {
			isa = PBXNativeTarget;
			buildConfigurationList = C8822B531C2FCC7000B00049 /* Build configuration list for PBXNativeTarget "Elemetdemo" */;
			buildPhases = (
				C8822B2D1C2FCC7000B00049 /* Sources */,
				C8822B2E1C2FCC7000B00049 /* Frameworks */,
				C8822B2F1C2FCC7000B00049 /* Resources */,
			);
			buildRules = (
			);
			dependencies = (
			);
			name = Elemetdemo;
			productName = Elemetdemo;
			productReference = C8822B311C2FCC7000B00049 /* Elemetdemo.app */;
			productType = "com.apple.product-type.application";
		};
		C8822B491C2FCC7000B00049 /* ElemetdemoUITests */ = {
			isa = PBXNativeTarget;
			buildConfigurationList = C8822B561C2FCC7000B00049 /* Build configuration list for PBXNativeTarget "ElemetdemoUITests" */;
			buildPhases = (
				C8822B461C2FCC7000B00049 /* Sources */,
				C8822B471C2FCC7000B00049 /* Frameworks */,
				C8822B481C2FCC7000B00049 /* Resources */,
			);
			buildRules = (
			);
			dependencies = (
				C8822B4C1C2FCC7000B00049 /* PBXTargetDependency */,
			);
			name = ElemetdemoUITests;
			productName = ElemetdemoUITests;
			productReference = C8822B4A1C2FCC7000B00049 /* ElemetdemoUITests.xctest */;
			productType = "com.apple.product-type.bundle.ui-testing";
		};
/* End PBXNativeTarget section */

/* Begin PBXProject section */
		C8822B291C2FCC7000B00049 /* Project object */ = {
			isa = PBXProject;
			attributes = {
				LastUpgradeCheck = 0710;
				ORGANIZATIONNAME = "Arpit Lokwani";
				TargetAttributes = {
					C8822B301C2FCC7000B00049 = {
						CreatedOnToolsVersion = 7.1;
						DevelopmentTeam = 6E887G534X;
					};
					C8822B491C2FCC7000B00049 = {
						CreatedOnToolsVersion = 7.1;
						DevelopmentTeam = 6E887G534X;
						TestTargetID = C8822B301C2FCC7000B00049;
					};
				};
			};
			buildConfigurationList = C8822B2C1C2FCC7000B00049 /* Build configuration list for PBXProject "Elemetdemo" */;
			compatibilityVersion = "Xcode 3.2";
			developmentRegion = English;
			hasScannedForEncodings = 0;
			knownRegions = (
				en,
				Base,
			);
			mainGroup = C8822B281C2FCC7000B00049;
			productRefGroup = C8822B321C2FCC7000B00049 /* Products */;
			projectDirPath = "";
			projectRoot = "";
			targets = (
				C8822B301C2FCC7000B00049 /* Elemetdemo */,
				C8822B491C2FCC7000B00049 /* ElemetdemoUITests */,
			);
		};
/* End PBXProject section */

/* Begin PBXResourcesBuildPhase section */
		C8822B2F1C2FCC7000B00049 /* Resources */ = {
			isa = PBXResourcesBuildPhase;
			buildActionMask = 2147483647;
			files = (
				C8822B441C2FCC7000B00049 /* LaunchScreen.storyboard in Resources */,
				C8822B411C2FCC7000B00049 /* Assets.xcassets in Resources */,
				C8822B3F1C2FCC7000B00049 /* Main.storyboard in Resources */,
			);
			runOnlyForDeploymentPostprocessing = 0;
		};
		C8822B481C2FCC7000B00049 /* Resources */ = {
			isa = PBXResourcesBuildPhase;
			buildActionMask = 2147483647;
			files = (
			);
			runOnlyForDeploymentPostprocessing = 0;
		};
/* End PBXResourcesBuildPhase section */

/* Begin PBXSourcesBuildPhase section */
		C8822B2D1C2FCC7000B00049 /* Sources */ = {
			isa = PBXSourcesBuildPhase;
			buildActionMask = 2147483647;
			files = (
				C8822B3C1C2FCC7000B00049 /* ViewController.m in Sources */,
				C8822B391C2FCC7000B00049 /* AppDelegate.m in Sources */,
				C8822B361C2FCC7000B00049 /* main.m in Sources */,
			);
			runOnlyForDeploymentPostprocessing = 0;
		};
		C8822B461C2FCC7000B00049 /* Sources */ = {
			isa = PBXSourcesBuildPhase;
			buildActionMask = 2147483647;
			files = (
				C8822B4F1C2FCC7000B00049 /* ElemetdemoUITests.m in Sources */,
			);
			runOnlyForDeploymentPostprocessing = 0;
		};
/* End PBXSourcesBuildPhase section */

/* Begin PBXTargetDependency section */
		C8822B4C1C2FCC7000B00049 /* PBXTargetDependency */ = {
			isa = PBXTargetDependency;
			target = C8822B301C2FCC7000B00049 /* Elemetdemo */;
			targetProxy = C8822B4B1C2FCC7000B00049 /* PBXContainerItemProxy */;
		};
/* End PBXTargetDependency section */

/* Begin PBXVariantGroup section */
		C8822B3D1C2FCC7000B00049 /* Main.storyboard */ = {
			isa = PBXVariantGroup;
			children = (
				C8822B3E1C2FCC7000B00049 /* Base */,
			);
			name = Main.storyboard;
			sourceTree = "<group>";
		};
		C8822B421C2FCC7000B00049 /* LaunchScreen.storyboard */ = {
			isa = PBXVariantGroup;
			children = (
				C8822B431C2FCC7000B00049 /* Base */,
			);
			name = LaunchScreen.storyboard;
			sourceTree = "<group>";
		};
/* End PBXVariantGroup section */

/* Begin XCBuildConfiguration section */
		C8822B511C2FCC7000B00049 /* Debug */ = {
			isa = XCBuildConfiguration;
			buildSettings = {
				ALWAYS_SEARCH_USER_PATHS = NO;
				CLANG_CXX_LANGUAGE_STANDARD = "gnu++0x";
				CLANG_CXX_LIBRARY = "libc++";
				CLANG_ENABLE_MODULES = YES;
				CLANG_ENABLE_OBJC_ARC = YES;
				CLANG_WARN_BOOL_CONVERSION = YES;
				CLANG_WARN_CONSTANT_CONVERSION = YES;
				CLANG_WARN_DIRECT_OBJC_ISA_USAGE = YES_ERROR;
				CLANG_WARN_EMPTY_BODY = YES;
				CLANG_WARN_ENUM_CONVERSION = YES;
				CLANG_WARN_INT_CONVERSION = YES;
				CLANG_WARN_OBJC_ROOT_CLASS = YES_ERROR;
				CLANG_WARN_UNREACHABLE_CODE = YES;
				CLANG_WARN__DUPLICATE_METHOD_MATCH = YES;
				"CODE_SIGN_IDENTITY[sdk=iphoneos*]" = "iPhone Developer";
				COPY_PHASE_STRIP = NO;
				DEBUG_INFORMATION_FORMAT = dwarf;
				ENABLE_STRICT_OBJC_MSGSEND = YES;
				ENABLE_TESTABILITY = YES;
				GCC_C_LANGUAGE_STANDARD = gnu99;
				GCC_DYNAMIC_NO_PIC = NO;
				GCC_NO_COMMON_BLOCKS = YES;
				GCC_OPTIMIZATION_LEVEL = 0;
				GCC_PREPROCESSOR_DEFINITIONS = (
					"DEBUG=1",
					"$(inherited)",
				);
				GCC_WARN_64_TO_32_BIT_CONVERSION = YES;
				GCC_WARN_ABOUT_RETURN_TYPE = YES_ERROR;
				GCC_WARN_UNDECLARED_SELECTOR = YES;
				GCC_WARN_UNINITIALIZED_AUTOS = YES_AGGRESSIVE;
				GCC_WARN_UNUSED_FUNCTION = YES;
				GCC_WARN_UNUSED_VARIABLE = YES;
				IPHONEOS_DEPLOYMENT_TARGET = 9.1;
				MTL_ENABLE_DEBUG_INFO = YES;
				ONLY_ACTIVE_ARCH = YES;
				SDKROOT = iphoneos;
				TARGETED_DEVICE_FAMILY = "1,2";
			};
			name = Debug;
		};
		C8822B521C2FCC7000B00049 /* Release */ = {
			isa = XCBuildConfiguration;
			buildSettings = {
				ALWAYS_SEARCH_USER_PATHS = NO;
				CLANG_CXX_LANGUAGE_STANDARD = "gnu++0x";
				CLANG_CXX_LIBRARY = "libc++";
				CLANG_ENABLE_MODULES = YES;
				CLANG_ENABLE_OBJC_ARC = YES;
				CLANG_WARN_BOOL_CONVERSION = YES;
				CLANG_WARN_CONSTANT_CONVERSION = YES;
				CLANG_WARN_DIRECT_OBJC_ISA_USAGE = YES_ERROR;
				CLANG_WARN_EMPTY_BODY = YES;
				CLANG_WARN_ENUM_CONVERSION = YES;
				CLANG_WARN_INT_CONVERSION = YES;
				CLANG_WARN_OBJC_ROOT_CLASS = YES_ERROR;
				CLANG_WARN_UNREACHABLE_CODE = YES;
				CLANG_WARN__DUPLICATE_METHOD_MATCH = YES;
				"CODE_SIGN_IDENTITY[sdk=iphoneos*]" = "iPhone Developer";
				COPY_PHASE_STRIP = NO;
				DEBUG_INFORMATION_FORMAT = "dwarf-with-dsym";
				ENABLE_NS_ASSERTIONS = NO;
				ENABLE_STRICT_OBJC_MSGSEND = YES;
				GCC_C_LANGUAGE_STANDARD = gnu99;
				GCC_NO_COMMON_BLOCKS = YES;
				GCC_WARN_64_TO_32_BIT_CONVERSION = YES;
				GCC_WARN_ABOUT_RETURN_TYPE = YES_ERROR;
				GCC_WARN_UNDECLARED_SELECTOR = YES;
				GCC_WARN_UNINITIALIZED_AUTOS = YES_AGGRESSIVE;
				GCC_WARN_UNUSED_FUNCTION = YES;
				GCC_WARN_UNUSED_VARIABLE = YES;
				IPHONEOS_DEPLOYMENT_TARGET = 9.1;
				MTL_ENABLE_DEBUG_INFO = NO;
				SDKROOT = iphoneos;
				TARGETED_DEVICE_FAMILY = "1,2";
				VALIDATE_PRODUCT = YES;
			};
			name = Release;
		};
		C8822B541C2FCC7000B00049 /* Debug */ = {
			isa = XCBuildConfiguration;
			buildSettings = {
				ASSETCATALOG_COMPILER_APPICON_NAME = AppIcon;
				INFOPLIST_FILE = Elemetdemo/Info.plist;
				LD_RUNPATH_SEARCH_PATHS = "$(inherited) @executable_path/Frameworks";
				PRODUCT_BUNDLE_IDENTIFIER = com.dusbeen.Elemetdemo;
				PRODUCT_NAME = "$(TARGET_NAME)";
			};
			name = Debug;
		};
		C8822B551C2FCC7000B00049 /* Release */ = {
			isa = XCBuildConfiguration;
			buildSettings = {
				ASSETCATALOG_COMPILER_APPICON_NAME = AppIcon;
				INFOPLIST_FILE = Elemetdemo/Info.plist;
				LD_RUNPATH_SEARCH_PATHS = "$(inherited) @executable_path/Frameworks";
				PRODUCT_BUNDLE_IDENTIFIER = com.dusbeen.Elemetdemo;
				PRODUCT_NAME = "$(TARGET_NAME)";
			};
			name = Release;
		};
		C8822B571C2FCC7000B00049 /* Debug */ = {
			isa = XCBuildConfiguration;
			buildSettings = {
				INFOPLIST_FILE = ElemetdemoUITests/Info.plist;
				LD_RUNPATH_SEARCH_PATHS = "$(inherited) @executable_path/Frameworks @loader_path/Frameworks";
				PRODUCT_BUNDLE_IDENTIFIER = com.dusbeen.ElemetdemoUITests;
				PRODUCT_NAME = "$(TARGET_NAME)";
				TEST_TARGET_NAME = Elemetdemo;
				USES_XCTRUNNER = YES;
			};
			name = Debug;
		};
		C8822B581C2FCC7000B00049 /* Release */ = {
			isa = XCBuildConfiguration;
			buildSettings = {
				INFOPLIST_FILE = ElemetdemoUITests/Info.plist;
				LD_RUNPATH_SEARCH_PATHS = "$(inherited) @executable_path/Frameworks @loader_path/Frameworks";
				PRODUCT_BUNDLE_IDENTIFIER = com.dusbeen.ElemetdemoUITests;
				PRODUCT_NAME = "$(TARGET_NAME)";
				TEST_TARGET_NAME = Elemetdemo;
				USES_XCTRUNNER = YES;
			};
			name = Release;
		};
/* End XCBuildConfiguration section */

/* Begin XCConfigurationList section */
		C8822B2C1C2FCC7000B00049 /* Build configuration list for PBXProject "Elemetdemo" */ = {
			isa = XCConfigurationList;
			buildConfigurations = (
				C8822B511C2FCC7000B00049 /* Debug */,
				C8822B521C2FCC7000B00049 /* Release */,
			);
			defaultConfigurationIsVisible = 0;
			defaultConfigurationName = Release;
		};
		C8822B531C2FCC7000B00049 /* Build configuration list for PBXNativeTarget "Elemetdemo" */ = {
			isa = XCConfigurationList;
			buildConfigurations = (
				C8822B541C2FCC7000B00049 /* Debug */,
				C8822B551C2FCC7000B00049 /* Release */,
			);
			defaultConfigurationIsVisible = 0;
		};
		C8822B561C2FCC7000B00049 /* Build configuration list for PBXNativeTarget "ElemetdemoUITests" */ = {
			isa = XCConfigurationList;
			buildConfigurations = (
				C8822B571C2FCC7000B00049 /* Debug */,
				C8822B581C2FCC7000B00049 /* Release */,
			);
			defaultConfigurationIsVisible = 0;
		};
/* End XCConfigurationList section */
	};
	rootObject = C8822B291C2FCC7000B00049 /* Project object */;
}
